
Microsoft Visual Studio Solution File, Format Version 12.00
# Visual Studio 15
VisualStudioVersion = 15.0.28010.2048
MinimumVisualStudioVersion = 10.0.40219.1
Project("{FAE04EC0-301F-11D3-BF4B-00C04F79EFBC}") = "AccdbTools", "AccdbTools\AccdbTools.csproj", "{FD55C464-0AC3-4A76-A6E2-D1D6866403F5}"
EndProject
Global
	GlobalSection(SolutionConfigurationPlatforms) = preSolution
		Debug|Any CPU = Debug|Any CPU
		Release|Any CPU = Release|Any CPU
	EndGlobalSection
	GlobalSection(ProjectConfigurationPlatforms) = postSolution
		{FD55C464-0AC3-4A76-A6E2-D1D6866403F5}.Debug|Any CPU.ActiveCfg = Debug|Any CPU
		{FD55C464-0AC3-4A76-A6E2-D1D6866403F5}.Debug|Any CPU.Build.0 = Debug|Any CPU
		{FD55C464-0AC3-4A76-A6E2-D1D6866403F5}.Release|Any CPU.ActiveCfg = Release|Any CPU
		{FD55C464-0AC3-4A76-A6E2-D1D6866403F5}.Release|Any CPU.Build.0 = Release|Any CPU
	EndGlobalSection
	GlobalSection(SolutionProperties) = preSolution
		HideSolutionNode = FALSE
	EndGlobalSection
	GlobalSection(ExtensibilityGlobals) = postSolution
		SolutionGuid = {8011D250-25D6-407E-B08A-C7A6275BEA53}
	EndGlobalSection
EndGlobal
